
Microsoft Visual Studio Solution File, Format Version 12.00
# Visual Studio Version 17
VisualStudioVersion = 17.8.34601.278
MinimumVisualStudioVersion = 10.0.40219.1
Project("{FAE04EC0-301F-11D3-BF4B-00C04F79EFBC}") = "WebTracker", "WebTracker\WebTracker.csproj", "{D6D51898-695E-4109-A48A-0D300D871348}"
EndProject
Global
	GlobalSection(SolutionConfigurationPlatforms) = preSolution
		Debug|Any CPU = Debug|Any CPU
		Release|Any CPU = Release|Any CPU
	EndGlobalSection
	GlobalSection(ProjectConfigurationPlatforms) = postSolution
		{D6D51898-695E-4109-A48A-0D300D871348}.Debug|Any CPU.ActiveCfg = Debug|Any CPU
		{D6D51898-695E-4109-A48A-0D300D871348}.Debug|Any CPU.Build.0 = Debug|Any CPU
		{D6D51898-695E-4109-A48A-0D300D871348}.Release|Any CPU.ActiveCfg = Release|Any CPU
		{D6D51898-695E-4109-A48A-0D300D871348}.Release|Any CPU.Build.0 = Release|Any CPU
	EndGlobalSection
	GlobalSection(SolutionProperties) = preSolution
		HideSolutionNode = FALSE
	EndGlobalSection
	GlobalSection(ExtensibilityGlobals) = postSolution
		SolutionGuid = {2E8E9CBB-AE08-4AA7-B4CE-40BFEA05A951}
	EndGlobalSection
EndGlobal
